
Microsoft Visual Studio Solution File, Format Version 12.00
# Visual Studio 2012
Project("{F088123C-0E9E-452A-89E6-6BA2F21D5CAC}") = "TheCloudBook", "TheCloudBook\TheCloudBook.modelproj", "{92250F82-5986-4660-9A79-3C2420496112}"
EndProject
Global
	GlobalSection(SolutionConfigurationPlatforms) = preSolution
		Debug|Any CPU = Debug|Any CPU
		Release|Any CPU = Release|Any CPU
	EndGlobalSection
	GlobalSection(ProjectConfigurationPlatforms) = postSolution
		{92250F82-5986-4660-9A79-3C2420496112}.Debug|Any CPU.ActiveCfg = Debug|Any CPU
		{92250F82-5986-4660-9A79-3C2420496112}.Debug|Any CPU.Build.0 = Debug|Any CPU
		{92250F82-5986-4660-9A79-3C2420496112}.Release|Any CPU.ActiveCfg = Release|Any CPU
		{92250F82-5986-4660-9A79-3C2420496112}.Release|Any CPU.Build.0 = Release|Any CPU
	EndGlobalSection
	GlobalSection(SolutionProperties) = preSolution
		HideSolutionNode = FALSE
	EndGlobalSection
EndGlobal
